
Microsoft Visual Studio Solution File, Format Version 12.00
# Visual Studio Version 17
VisualStudioVersion = 17.5.33414.496
MinimumVisualStudioVersion = 10.0.40219.1
Project("{FAE04EC0-301F-11D3-BF4B-00C04F79EFBC}") = "BeautyProducts", "BeautyProducts\BeautyProducts.csproj", "{35045512-8598-4A12-85B9-879175EFE73B}"
EndProject
Global
	GlobalSection(SolutionConfigurationPlatforms) = preSolution
		Debug|Any CPU = Debug|Any CPU
		Release|Any CPU = Release|Any CPU
	EndGlobalSection
	GlobalSection(ProjectConfigurationPlatforms) = postSolution
		{35045512-8598-4A12-85B9-879175EFE73B}.Debug|Any CPU.ActiveCfg = Debug|Any CPU
		{35045512-8598-4A12-85B9-879175EFE73B}.Debug|Any CPU.Build.0 = Debug|Any CPU
		{35045512-8598-4A12-85B9-879175EFE73B}.Release|Any CPU.ActiveCfg = Release|Any CPU
		{35045512-8598-4A12-85B9-879175EFE73B}.Release|Any CPU.Build.0 = Release|Any CPU
	EndGlobalSection
	GlobalSection(SolutionProperties) = preSolution
		HideSolutionNode = FALSE
	EndGlobalSection
	GlobalSection(ExtensibilityGlobals) = postSolution
		SolutionGuid = {9CF6A071-9D14-4E12-A923-E91DC24C1B9F}
	EndGlobalSection
EndGlobal
